schema: '2.0'
stages:
  data_ingestion:
    cmd: python src/data/data_ingestion.py
    deps:
    - path: src/data/data_ingestion.py
      hash: md5
      md5: e792c394778f30975b07e8c999492287
      size: 7798
    params:
      params.yaml:
        data_ingestion.data_path: data/src
        data_ingestion.data_path_dest: data/raw
        data_ingestion.data_source: questdb
        data_ingestion.end_date: '2026-06-26'
        data_ingestion.file_name: '{ticker}-{timeframe}-futures.parquet'
        data_ingestion.high_time_col: High
        data_ingestion.high_time_col_wavelet: Close_wavelet
        data_ingestion.index_barrier: 1
        data_ingestion.index_base: 5
        data_ingestion.indexes:
        - 1
        - 5
        - 7
        - 10
        data_ingestion.indexes_higher:
        - 7
        - 10
        data_ingestion.low_time_col: Low
        data_ingestion.low_time_col_wavelet: Close_wavelet
        data_ingestion.start_date: '2023-04-03'
        data_ingestion.table_name: DUKASCOPY_{ticker}_OHLC_{timeframe}
        data_ingestion.ticker: DAX40
        data_ingestion.timeframe: 1m
        data_ingestion.timeframe_minutes:
        - 0
        - 1
        - 2
        - 3
        - 4
        - 5
        - 10
        - 15
        - 20
        - 30
        - 60
        - 120
        - 240
        - 1440
        data_ingestion.timeframe_scalers:
        - 0.22
        - 0.44
        - 0.63
        - 0.77
        - 0.89
        - 1
        - 1.4
        - 1.7
        - 2
        - 2.4
        - 3.4
        - 4.8
        - 6.8
        - 9.6
        data_ingestion.timeframes:
        - 10s
        - 1m
        - 2m
        - 3m
        - 4m
        - 5m
        - 10m
        - 15m
        - 20m
        - 30m
        - 1h
        - 2h
        - 4h
        - 1d
    outs:
    - path: data/raw
      hash: md5
      md5: 99c5589a1570d2bdf57a2714827a05a6.dir
      size: 32940233
      nfiles: 3
  data_preprocessing:
    cmd: python src/data/data_preprocessing.py
    deps:
    - path: data/raw/data_ohlc_15m.csv
      hash: md5
      md5: e79cab467b5fcc72b37ee2f2114c4441
      size: 5751711
    - path: data/raw/data_ohlc_1h.csv
      hash: md5
      md5: 9d56fb55c8511ce44458fe6fd9bbb9a1
      size: 1482521
    - path: data/raw/data_ohlc_5m.csv
      hash: md5
      md5: 36961e70b951ff9ca061a54d4afdb608
      size: 25706001
    - path: src/data/data_preprocessing.py
      hash: md5
      md5: 4ff547e8426286e4f9e5ae91657816cc
      size: 7235
    params:
      params.yaml:
        data_preprocessing.data_path: data/raw
        data_preprocessing.data_path_dest: data/interim
        data_preprocessing.file_name: data_ohlc_{timeframe}.csv
        data_preprocessing.index_base: 5
        data_preprocessing.indexes_higher:
        - 7
        - 10
        data_preprocessing.timeframe_scalers:
        - 0.22
        - 0.44
        - 0.63
        - 0.77
        - 0.89
        - 1
        - 1.4
        - 1.7
        - 2
        - 2.4
        - 3.4
        - 4.8
        - 6.8
        - 9.6
        data_preprocessing.timeframes:
        - 10s
        - 1m
        - 2m
        - 3m
        - 4m
        - 5m
        - 10m
        - 15m
        - 20m
        - 30m
        - 1h
        - 2h
        - 4h
        - 1d
    outs:
    - path: data/interim
      hash: md5
      md5: c88cf2446bba90c012a76a2d2ecb7572.dir
      size: 398384559
      nfiles: 5
  model_building:
    cmd: python src/model/model_building.py
    deps:
    - path: data/interim/data_static_features_15m.csv
      hash: md5
      md5: 2d9993f1b22f0ef21abd12ec7125562e
      size: 88083318
    - path: data/interim/data_static_features_1h.csv
      hash: md5
      md5: a501228da2b42b1462918c642bb949d1
      size: 22504927
    - path: data/interim/data_static_features_5m.csv
      hash: md5
      md5: 82fb9ca7ca863c45faa09eed122775fa
      size: 287794235
    - path: src/model/model_building.py
      hash: md5
      md5: 227fdaf46acda2780133bdf6aebc2cc6
      size: 10896
    params:
      params.yaml:
        model_building.col_y:
        - labeling_multi
        model_building.data_path: data/interim
        model_building.evals_strategy: false
        model_building.file_name: data_static_features_{timeframe}.csv
        model_building.index_base: 5
        model_building.indexes_higher:
        - 7
        - 10
        model_building.list_X:
        - ha_close
        - Close
        - tenkan_sen
        - kijun_sen
        - sine
        - sine_diff_slope_2
        - sine_diff_slope_5
        - kama_trend_slow
        - kama_trend_fast
        - kama_trend_slow_diff
        - kama_trend_fast_diff
        - kama_trend_slow_diff2
        - kama_trend_fast_diff2
        - macdhist
        - sma_cross
        - lowerband_r
        - stochk_slope
        - dc_market_regime_ema_log
        - ha_slope_2
        - ema_cross
        - log_ret_ha_1
        - ppo
        - upperband_r
        - sar_r
        - log_ret_ha_2
        - stochd
        - kama_diff
        - bearish_gap
        - rsi_slope
        - sine_diff
        - stochrsid
        - stochrsik
        - bullish_gap
        - log_ret_ha_3
        - ha_slope_10
        - r_kijun_sen
        - r_tenkan_sen
        - displacement_hull
        - displacement_hull_slope
        - stochk
        - ema_ha_sign
        - ema_ha_wickstrength
        - gap_hull
        - gap_hull_slope
        - di_plus
        - di_minus
        - cci_ha
        - rsi
        - rsi_ha
        - di_diff
        - willr
        - close_wavelet_rolling
        - permutation_entropy
        - tail_index_1
        - skew
        - petrosian_fd
        - long_pivot
        - short_pivot
        - atr
        - adx
        model_building.model_name: xgboost_model_with_pca_v1
        model_building.model_params_name: 
          model_params_{timeframe}_v{version}.json
        model_building.models_path: data/models
        model_building.n_trials: 400
        model_building.note: xgb-dax-pipeline with PCA
        model_building.num_splits: 17
        model_building.timeframe: 5m
        model_building.timeframe_scalers:
        - 0.22
        - 0.44
        - 0.63
        - 0.77
        - 0.89
        - 1
        - 1.4
        - 1.7
        - 2
        - 2.4
        - 3.4
        - 4.8
        - 6.8
        - 9.6
        model_building.timeframes:
        - 10s
        - 1m
        - 2m
        - 3m
        - 4m
        - 5m
        - 10m
        - 15m
        - 20m
        - 30m
        - 1h
        - 2h
        - 4h
        - 1d
        model_building.version: 1
    outs:
    - path: data/models/model_params_5m_v1.json
      hash: md5
      md5: 7eb93b1f0f4ae960001bc4d1ee763747
      size: 1802
    - path: data/models/optuna_trials.csv
      hash: md5
      md5: a480b6d2d534a4fe17202ca16d6ade5b
      size: 209116
