schema: '2.0'
stages:
  data_ingestion:
    cmd: python src/data/data_ingestion.py
    deps:
    - path: src/data/data_ingestion.py
      hash: md5
      md5: cdea7cf7a726cfef17f5bcb62f0405fe
      size: 7810
    params:
      params.yaml:
        data_ingestion.data_path: data/src
        data_ingestion.data_path_dest: data/raw
        data_ingestion.data_source: questdb
        data_ingestion.end_date: '2026-06-30'
        data_ingestion.file_name: '{ticker}-{timeframe}-futures.parquet'
        data_ingestion.high_time_col: High
        data_ingestion.high_time_col_wavelet: Close_wavelet
        data_ingestion.index_barrier: 1
        data_ingestion.index_base: 5
        data_ingestion.indexes:
        - 1
        - 5
        - 7
        - 10
        data_ingestion.indexes_higher:
        - 7
        - 10
        data_ingestion.low_time_col: Low
        data_ingestion.low_time_col_wavelet: Close_wavelet
        data_ingestion.start_date: '2024-07-01'
        data_ingestion.table_name: DUKASCOPY_{ticker}_OHLC_{timeframe}
        data_ingestion.ticker: DAX40
        data_ingestion.timeframe: 1m
        data_ingestion.timeframes:
        - 10s
        - 1m
        - 2m
        - 3m
        - 4m
        - 5m
        - 10m
        - 15m
        - 20m
        - 30m
        - 1h
        - 2h
        - 4h
        - 1d
    outs:
    - path: data/raw
      hash: md5
      md5: 727af31800fad4bc9c532231ec25307c.dir
      size: 19310942
      nfiles: 3
  data_preprocessing:
    cmd: python src/data/data_preprocessing.py
    deps:
    - path: data/raw/data_ohlc_15m.csv
      hash: md5
      md5: c3629e9ce2bc1b7923e1614210eef614
      size: 2660644
    - path: data/raw/data_ohlc_1h.csv
      hash: md5
      md5: 122a48907db5b57034a42acb76878bad
      size: 685446
    - path: data/raw/data_ohlc_5m.csv
      hash: md5
      md5: be80de65e5b0c76c959fa158618de339
      size: 15964852
    - path: src/data/data_preprocessing.py
      hash: md5
      md5: e2fd2469656225a1f8433c1088479d80
      size: 6645
    params:
      params.yaml:
        data_preprocessing.data_path: data/raw
        data_preprocessing.data_path_dest: data/interim
        data_preprocessing.file_name: data_ohlc_{timeframe}.csv
        data_preprocessing.index_base: 5
        data_preprocessing.indexes_higher:
        - 7
        - 10
        data_preprocessing.local_timezone: Europe/Berlin
        data_preprocessing.timeframe_scalers:
        - 0.22
        - 0.44
        - 0.63
        - 0.77
        - 0.89
        - 1
        - 1.4
        - 1.7
        - 2
        - 2.4
        - 3.4
        - 4.8
        - 6.8
        - 9.6
        data_preprocessing.timeframes:
        - 10s
        - 1m
        - 2m
        - 3m
        - 4m
        - 5m
        - 10m
        - 15m
        - 20m
        - 30m
        - 1h
        - 2h
        - 4h
        - 1d
    outs:
    - path: data/interim
      hash: md5
      md5: f24e0ab3d38ee2187a827ee561941998.dir
      size: 246614631
      nfiles: 5
  model_building:
    cmd: python src/model/model_building.py
    deps:
    - path: data/interim/data_static_features_15m.csv
      hash: md5
      md5: d037e4cbacbfd00e89025ac3546cf4ac
      size: 53726407
    - path: data/interim/data_static_features_1h.csv
      hash: md5
      md5: 041b39a7f036c094d5661c5105a234dc
      size: 13697171
    - path: data/interim/data_static_features_5m.csv
      hash: md5
      md5: dced9f82dd06600375d1f36aa1c5d8fd
      size: 179188942
    - path: src/model/model_building.py
      hash: md5
      md5: 99b9eb09e06a8a6cd06782d0e8c5bd33
      size: 10275
    params:
      params.yaml:
        model_building.col_y:
        - labeling_multi
        model_building.data_path: data/interim
        model_building.evals_strategy: false
        model_building.file_name: data_static_features_{timeframe}.csv
        model_building.index_base: 5
        model_building.indexes_higher:
        - 7
        - 10
        model_building.list_X:
        - ha_close
        - Close
        - tenkan_sen
        - kijun_sen
        - sine
        - sine_diff_slope_2
        - sine_diff_slope_5
        - kama_trend_slow
        - kama_trend_fast
        - kama_trend_slow_diff
        - kama_trend_fast_diff
        - kama_trend_slow_diff2
        - kama_trend_fast_diff2
        - macdhist
        - sma_cross
        - lowerband_r
        - stochk_slope
        - dc_market_regime_ema_log
        - ha_slope_2
        - ema_cross
        - log_ret_ha_1
        - ppo
        - upperband_r
        - sar_r
        - log_ret_ha_2
        - stochd
        - kama_diff
        - bearish_gap
        - rsi_slope
        - sine_diff
        - stochrsid
        - stochrsik
        - bullish_gap
        - log_ret_ha_3
        - ha_slope_10
        - r_kijun_sen
        - r_tenkan_sen
        - displacement_hull
        - displacement_hull_slope
        - stochk
        - ema_ha_sign
        - ema_ha_wickstrength
        - gap_hull
        - gap_hull_slope
        - di_plus
        - di_minus
        - cci_ha
        - rsi
        - rsi_ha
        - di_diff
        - willr
        - close_wavelet_rolling
        - permutation_entropy
        - tail_index_1
        - skew
        - petrosian_fd
        - long_pivot
        - short_pivot
        - atr
        - adx
        model_building.local_timezone: Europe/Berlin
        model_building.model_name: xgboost_model_with_pca_v1
        model_building.model_params_name: 
          model_params_{timeframe}_v{version}.json
        model_building.models_path: data/models
        model_building.n_trials: 1
        model_building.note: xgb-dax-pipeline with PCA
        model_building.num_splits: 9
        model_building.timeframe: 5m
        model_building.timeframe_scalers:
        - 0.22
        - 0.44
        - 0.63
        - 0.77
        - 0.89
        - 1
        - 1.4
        - 1.7
        - 2
        - 2.4
        - 3.4
        - 4.8
        - 6.8
        - 9.6
        model_building.timeframes:
        - 10s
        - 1m
        - 2m
        - 3m
        - 4m
        - 5m
        - 10m
        - 15m
        - 20m
        - 30m
        - 1h
        - 2h
        - 4h
        - 1d
        model_building.version: 1
    outs:
    - path: data/models/model_params_5m_v1.json
      hash: md5
      md5: 138ca29ad2b5a6d3d0ab7726808dc11c
      size: 1789
    - path: data/models/optuna_trials.csv
      hash: md5
      md5: 2ece106dca313b50384cc07be3be35fb
      size: 2174
